
Microsoft Visual Studio Solution File, Format Version 12.00
# Visual Studio Version 16
VisualStudioVersion = 16.0.30804.86
MinimumVisualStudioVersion = 10.0.40219.1
Project("{FAE04EC0-301F-11D3-BF4B-00C04F79EFBC}") = "Ejercicio6", "Ejercicio6\Ejercicio6.csproj", "{AEBA7243-8186-49D6-9102-A1C8430B0D82}"
EndProject
Global
	GlobalSection(SolutionConfigurationPlatforms) = preSolution
		Debug|Any CPU = Debug|Any CPU
		Release|Any CPU = Release|Any CPU
	EndGlobalSection
	GlobalSection(ProjectConfigurationPlatforms) = postSolution
		{AEBA7243-8186-49D6-9102-A1C8430B0D82}.Debug|Any CPU.ActiveCfg = Debug|Any CPU
		{AEBA7243-8186-49D6-9102-A1C8430B0D82}.Debug|Any CPU.Build.0 = Debug|Any CPU
		{AEBA7243-8186-49D6-9102-A1C8430B0D82}.Release|Any CPU.ActiveCfg = Release|Any CPU
		{AEBA7243-8186-49D6-9102-A1C8430B0D82}.Release|Any CPU.Build.0 = Release|Any CPU
	EndGlobalSection
	GlobalSection(SolutionProperties) = preSolution
		HideSolutionNode = FALSE
	EndGlobalSection
	GlobalSection(ExtensibilityGlobals) = postSolution
		SolutionGuid = {9051B2AC-725B-4E81-B691-05C7477B9199}
	EndGlobalSection
EndGlobal
